Microsoft Visual Studio Solution File, Format Version 11.00
# Visual Studio 2008

Project("{A1114198-D329-789B-5E6E-30EEDFBB3488}") = "RockClimbing", "Assembly-CSharp-firstpass.csproj", "{E9771B9E-1CD9-F740-1665-6E3115F1BCA2}"
EndProject
Project("{A1114198-D329-789B-5E6E-30EEDFBB3488}") = "RockClimbing", "Assembly-CSharp.csproj", "{831360E4-6BAD-B863-876E-1960A298E996}"
EndProject
Project("{A1114198-D329-789B-5E6E-30EEDFBB3488}") = "RockClimbing", "Assembly-CSharp-Editor-firstpass.csproj", "{7C03438A-9FFC-8591-2EA7-8178FBA89332}"
EndProject
Project("{A1114198-D329-789B-5E6E-30EEDFBB3488}") = "RockClimbing", "Assembly-CSharp-Editor.csproj", "{EBD6954C-8EE8-E876-6765-9D10FCE6193F}"
EndProject
Global
	GlobalSection(SolutionConfigurationPlatforms) = preSolution
		Debug|Any CPU = Debug|Any CPU
		Release|Any CPU = Release|Any CPU
	EndGlobalSection
	GlobalSection(ProjectConfigurationPlatforms) = postSolution
		{E9771B9E-1CD9-F740-1665-6E3115F1BCA2}.Debug|Any CPU.ActiveCfg = Debug|Any CPU
		{E9771B9E-1CD9-F740-1665-6E3115F1BCA2}.Debug|Any CPU.Build.0 = Debug|Any CPU
		{E9771B9E-1CD9-F740-1665-6E3115F1BCA2}.Release|Any CPU.ActiveCfg = Release|Any CPU
		{E9771B9E-1CD9-F740-1665-6E3115F1BCA2}.Release|Any CPU.Build.0 = Release|Any CPU
		{831360E4-6BAD-B863-876E-1960A298E996}.Debug|Any CPU.ActiveCfg = Debug|Any CPU
		{831360E4-6BAD-B863-876E-1960A298E996}.Debug|Any CPU.Build.0 = Debug|Any CPU
		{831360E4-6BAD-B863-876E-1960A298E996}.Release|Any CPU.ActiveCfg = Release|Any CPU
		{831360E4-6BAD-B863-876E-1960A298E996}.Release|Any CPU.Build.0 = Release|Any CPU
		{7C03438A-9FFC-8591-2EA7-8178FBA89332}.Debug|Any CPU.ActiveCfg = Debug|Any CPU
		{7C03438A-9FFC-8591-2EA7-8178FBA89332}.Debug|Any CPU.Build.0 = Debug|Any CPU
		{7C03438A-9FFC-8591-2EA7-8178FBA89332}.Release|Any CPU.ActiveCfg = Release|Any CPU
		{7C03438A-9FFC-8591-2EA7-8178FBA89332}.Release|Any CPU.Build.0 = Release|Any CPU
		{EBD6954C-8EE8-E876-6765-9D10FCE6193F}.Debug|Any CPU.ActiveCfg = Debug|Any CPU
		{EBD6954C-8EE8-E876-6765-9D10FCE6193F}.Debug|Any CPU.Build.0 = Debug|Any CPU
		{EBD6954C-8EE8-E876-6765-9D10FCE6193F}.Release|Any CPU.ActiveCfg = Release|Any CPU
		{EBD6954C-8EE8-E876-6765-9D10FCE6193F}.Release|Any CPU.Build.0 = Release|Any CPU
	EndGlobalSection
	GlobalSection(SolutionProperties) = preSolution
		HideSolutionNode = FALSE
	EndGlobalSection
	GlobalSection(MonoDevelopProperties) = preSolution
		StartupItem = Assembly-CSharp.csproj
	EndGlobalSection
EndGlobal
